PODS:
  - AFNetworking (3.1.0):
    - AFNetworking/NSURLSession (= 3.1.0)
    - AFNetworking/Reachability (= 3.1.0)
    - AFNetworking/Security (= 3.1.0)
    - AFNetworking/Serialization (= 3.1.0)
    - AFNetworking/UIKit (= 3.1.0)
  - AFNetworking/NSURLSession (3.1.0):
    - AFNetworking/Reachability
    - AFNetworking/Security
    - AFNetworking/Serialization
  - AFNetworking/Reachability (3.1.0)
  - AFNetworking/Security (3.1.0)
  - AFNetworking/Serialization (3.1.0)
  - AFNetworking/UIKit (3.1.0):
    - AFNetworking/NSURLSession
  - AsyncDisplayKit (1.9.74):
    - AsyncDisplayKit/PINRemoteImage (= 1.9.74)
  - AsyncDisplayKit/ASDealloc2MainObject (1.9.74)
  - AsyncDisplayKit/Core (1.9.74):
    - AsyncDisplayKit/ASDealloc2MainObject
  - AsyncDisplayKit/PINRemoteImage (1.9.74):
    - AsyncDisplayKit/Core
    - PINRemoteImage/iOS (>= 3.0.0-beta.2)
  - FMDB (2.6.2):
    - FMDB/standard (= 2.6.2)
  - FMDB/standard (2.6.2)
  - JSONKit (1.4)
  - MJRefresh (3.1.0)
  - PINCache (2.2.2)
  - PINRemoteImage/Core (3.0.0-beta.2):
    - PINCache (>= 2.1)
  - PINRemoteImage/iOS (3.0.0-beta.2):
    - PINRemoteImage/Core
  - pop (1.0.9)
  - SDWebImage (3.7.6):
    - SDWebImage/Core (= 3.7.6)
  - SDWebImage/Core (3.7.6)

DEPENDENCIES:
  - AFNetworking (~> 3.0)
  - AsyncDisplayKit
  - FMDB
  - JSONKit
  - MJRefresh
  - pop (~> 1.0)
  - SDWebImage (~> 3.7)

SPEC CHECKSUMS:
  AFNetworking: 5e0e199f73d8626b11e79750991f5d173d1f8b67
  AsyncDisplayKit: cbd10f28030c0b904cef1bd8e7d96d775c5b0484
  FMDB: 854a0341b4726e53276f2a8996f06f1b80f9259a
  JSONKit: 5b69e804ea54d99293eed0fd2ce596c5703fefb0
  MJRefresh: 743e6404967d1c2c688472ea3ecfde247d872db4
  PINCache: 078426d356ab95ef875e9e62e5c35a2ea3333c28
  PINRemoteImage: 197554c5ba57a6ae90f5db441651180039fc9062
  pop: f667631a5108a2e60d9e8797c9b32ddaf2080bce
  SDWebImage: c325cf02c30337336b95beff20a13df489ec0ec9

PODFILE CHECKSUM: ebdd2b21a703c5bc3b2ee46aa168331328b04a83

COCOAPODS: 1.0.0
